
Microsoft Visual Studio Solution File, Format Version 12.00
# Visual Studio 15
VisualStudioVersion = 15.0.28307.960
MinimumVisualStudioVersion = 10.0.40219.1
Project("{FAE04EC0-301F-11D3-BF4B-00C04F79EFBC}") = "lab19062020", "lab19062020\lab19062020.csproj", "{653F385D-E3E4-487E-B62C-0DC1EC718E6C}"
EndProject
Global
	GlobalSection(SolutionConfigurationPlatforms) = preSolution
		Debug|Any CPU = Debug|Any CPU
		Release|Any CPU = Release|Any CPU
	EndGlobalSection
	GlobalSection(ProjectConfigurationPlatforms) = postSolution
		{653F385D-E3E4-487E-B62C-0DC1EC718E6C}.Debug|Any CPU.ActiveCfg = Debug|Any CPU
		{653F385D-E3E4-487E-B62C-0DC1EC718E6C}.Debug|Any CPU.Build.0 = Debug|Any CPU
		{653F385D-E3E4-487E-B62C-0DC1EC718E6C}.Release|Any CPU.ActiveCfg = Release|Any CPU
		{653F385D-E3E4-487E-B62C-0DC1EC718E6C}.Release|Any CPU.Build.0 = Release|Any CPU
	EndGlobalSection
	GlobalSection(SolutionProperties) = preSolution
		HideSolutionNode = FALSE
	EndGlobalSection
	GlobalSection(ExtensibilityGlobals) = postSolution
		SolutionGuid = {9B49FD43-DAA9-4B55-9984-0394774F3AD5}
	EndGlobalSection
EndGlobal
