
Microsoft Visual Studio Solution File, Format Version 12.00
# Visual Studio 15
VisualStudioVersion = 15.0.28307.960
MinimumVisualStudioVersion = 10.0.40219.1
Project("{FAE04EC0-301F-11D3-BF4B-00C04F79EFBC}") = "20042020", "20042020.csproj", "{930AEE61-76C5-4A45-91A4-95DDC3253365}"
EndProject
Global
	GlobalSection(SolutionConfigurationPlatforms) = preSolution
		Debug|Any CPU = Debug|Any CPU
		Release|Any CPU = Release|Any CPU
	EndGlobalSection
	GlobalSection(ProjectConfigurationPlatforms) = postSolution
		{930AEE61-76C5-4A45-91A4-95DDC3253365}.Debug|Any CPU.ActiveCfg = Debug|Any CPU
		{930AEE61-76C5-4A45-91A4-95DDC3253365}.Debug|Any CPU.Build.0 = Debug|Any CPU
		{930AEE61-76C5-4A45-91A4-95DDC3253365}.Release|Any CPU.ActiveCfg = Release|Any CPU
		{930AEE61-76C5-4A45-91A4-95DDC3253365}.Release|Any CPU.Build.0 = Release|Any CPU
	EndGlobalSection
	GlobalSection(SolutionProperties) = preSolution
		HideSolutionNode = FALSE
	EndGlobalSection
	GlobalSection(ExtensibilityGlobals) = postSolution
		SolutionGuid = {33D86FE3-8B4F-432F-83E8-7F7ADCC928F1}
	EndGlobalSection
EndGlobal
